// !$*UTF8*$!
{
	archiveVersion = 1;
	classes = {
	};
	objectVersion = 46;
	objects = {

/* Begin PBXBuildFile section */
		C74974441B6681BE0006E0EC /* ForecastAPIClient.swift in Sources */ = {isa = PBXBuildFile; fileRef = C74974431B6681BE0006E0EC /* ForecastAPIClient.swift */; };
		C79D03471B656DBD000AFEAE /* Networking.swift in Sources */ = {isa = PBXBuildFile; fileRef = C79D03461B656DBD000AFEAE /* Networking.swift */; };
		C7AC6C1C1B5AE15700AD8BD1 /* AppDelegate.swift in Sources */ = {isa = PBXBuildFile; fileRef = C7AC6C1B1B5AE15700AD8BD1 /* AppDelegate.swift */; };
		C7AC6C1E1B5AE15700AD8BD1 /* ViewController.swift in Sources */ = {isa = PBXBuildFile; fileRef = C7AC6C1D1B5AE15700AD8BD1 /* ViewController.swift */; };
		C7AC6C211B5AE15700AD8BD1 /* Main.storyboard in Resources */ = {isa = PBXBuildFile; fileRef = C7AC6C1F1B5AE15700AD8BD1 /* Main.storyboard */; };
		C7AC6C261B5AE15700AD8BD1 /* LaunchScreen.storyboard in Resources */ = {isa = PBXBuildFile; fileRef = C7AC6C241B5AE15700AD8BD1 /* LaunchScreen.storyboard */; };
		C7AC6C2E1B5CF4AC00AD8BD1 /* Assets.xcassets in Resources */ = {isa = PBXBuildFile; fileRef = C7AC6C2D1B5CF4AC00AD8BD1 /* Assets.xcassets */; };
		C7AC6C301B5CF85400AD8BD1 /* CurrentWeather.swift in Sources */ = {isa = PBXBuildFile; fileRef = C7AC6C2F1B5CF85400AD8BD1 /* CurrentWeather.swift */; };
		C7AC6C321B5CFFBC00AD8BD1 /* DailyWeather.swift in Sources */ = {isa = PBXBuildFile; fileRef = C7AC6C311B5CFFBC00AD8BD1 /* DailyWeather.swift */; };
/* End PBXBuildFile section */

/* Begin PBXFileReference section */
		C74974431B6681BE0006E0EC /* ForecastAPIClient.swift */ = {isa = PBXFileReference; fileEncoding = 4; lastKnownFileType = sourcecode.swift; path = ForecastAPIClient.swift; sourceTree = "<group>"; };
		C79D03461B656DBD000AFEAE /* Networking.swift */ = {isa = PBXFileReference; fileEncoding = 4; lastKnownFileType = sourcecode.swift; path = Networking.swift; sourceTree = "<group>"; };
		C7AC6C181B5AE15700AD8BD1 /* Stormy.app */ = {isa = PBXFileReference; explicitFileType = wrapper.application; includeInIndex = 0; path = Stormy.app; sourceTree = BUILT_PRODUCTS_DIR; };
		C7AC6C1B1B5AE15700AD8BD1 /* AppDelegate.swift */ = {isa = PBXFileReference; lastKnownFileType = sourcecode.swift; path = AppDelegate.swift; sourceTree = "<group>"; };
		C7AC6C1D1B5AE15700AD8BD1 /* ViewController.swift */ = {isa = PBXFileReference; lastKnownFileType = sourcecode.swift; path = ViewController.swift; sourceTree = "<group>"; };
		C7AC6C201B5AE15700AD8BD1 /* Base */ = {isa = PBXFileReference; lastKnownFileType = file.storyboard; name = Base; path = Base.lproj/Main.storyboard; sourceTree = "<group>"; };
		C7AC6C251B5AE15700AD8BD1 /* Base */ = {isa = PBXFileReference; lastKnownFileType = file.storyboard; name = Base; path = Base.lproj/LaunchScreen.storyboard; sourceTree = "<group>"; };
		C7AC6C271B5AE15700AD8BD1 /* Info.plist */ = {isa = PBXFileReference; lastKnownFileType = text.plist.xml; path = Info.plist; sourceTree = "<group>"; };
		C7AC6C2D1B5CF4AC00AD8BD1 /* Assets.xcassets */ = {isa = PBXFileReference; lastKnownFileType = folder.assetcatalog; path = Assets.xcassets; sourceTree = "<group>"; };
		C7AC6C2F1B5CF85400AD8BD1 /* CurrentWeather.swift */ = {isa = PBXFileReference; fileEncoding = 4; lastKnownFileType = sourcecode.swift; path = CurrentWeather.swift; sourceTree = "<group>"; };
		C7AC6C311B5CFFBC00AD8BD1 /* DailyWeather.swift */ = {isa = PBXFileReference; fileEncoding = 4; lastKnownFileType = sourcecode.swift; path = DailyWeather.swift; sourceTree = "<group>"; };
/* End PBXFileReference section */

/* Begin PBXFrameworksBuildPhase section */
		C7AC6C151B5AE15700AD8BD1 /* Frameworks */ = {
			isa = PBXFrameworksBuildPhase;
			buildActionMask = 2147483647;
			files = (
			);
			runOnlyForDeploymentPostprocessing = 0;
		};
/* End PBXFrameworksBuildPhase section */

/* Begin PBXGroup section */
		C7AC6C0F1B5AE15700AD8BD1 = {
			isa = PBXGroup;
			children = (
				C7AC6C1A1B5AE15700AD8BD1 /* Stormy */,
				C7AC6C191B5AE15700AD8BD1 /* Products */,
			);
			sourceTree = "<group>";
		};
		C7AC6C191B5AE15700AD8BD1 /* Products */ = {
			isa = PBXGroup;
			children = (
				C7AC6C181B5AE15700AD8BD1 /* Stormy.app */,
			);
			name = Products;
			sourceTree = "<group>";
		};
		C7AC6C1A1B5AE15700AD8BD1 /* Stormy */ = {
			isa = PBXGroup;
			children = (
				C7AC6C1B1B5AE15700AD8BD1 /* AppDelegate.swift */,
				C7AC6C1D1B5AE15700AD8BD1 /* ViewController.swift */,
				C79D03461B656DBD000AFEAE /* Networking.swift */,
				C74974431B6681BE0006E0EC /* ForecastAPIClient.swift */,
				C7AC6C2F1B5CF85400AD8BD1 /* CurrentWeather.swift */,
				C7AC6C311B5CFFBC00AD8BD1 /* DailyWeather.swift */,
				C7AC6C1F1B5AE15700AD8BD1 /* Main.storyboard */,
				C7AC6C241B5AE15700AD8BD1 /* LaunchScreen.storyboard */,
				C7AC6C2D1B5CF4AC00AD8BD1 /* Assets.xcassets */,
				C7AC6C271B5AE15700AD8BD1 /* Info.plist */,
			);
			path = Stormy;
			sourceTree = "<group>";
		};
/* End PBXGroup section */

/* Begin PBXNativeTarget section */
		C7AC6C171B5AE15700AD8BD1 /* Stormy */ = {
			isa = PBXNativeTarget;
			buildConfigurationList = C7AC6C2A1B5AE15700AD8BD1 /* Build configuration list for PBXNativeTarget "Stormy" */;
			buildPhases = (
				C7AC6C141B5AE15700AD8BD1 /* Sources */,
				C7AC6C151B5AE15700AD8BD1 /* Frameworks */,
				C7AC6C161B5AE15700AD8BD1 /* Resources */,
			);
			buildRules = (
			);
			dependencies = (
			);
			name = Stormy;
			productName = Stormy;
			productReference = C7AC6C181B5AE15700AD8BD1 /* Stormy.app */;
			productType = "com.apple.product-type.application";
		};
/* End PBXNativeTarget section */

/* Begin PBXProject section */
		C7AC6C101B5AE15700AD8BD1 /* Project object */ = {
			isa = PBXProject;
			attributes = {
				LastUpgradeCheck = 0700;
				ORGANIZATIONNAME = "Alp Eren Can";
				TargetAttributes = {
					C7AC6C171B5AE15700AD8BD1 = {
						CreatedOnToolsVersion = 7.0;
						DevelopmentTeam = 588YC4XKW5;
					};
				};
			};
			buildConfigurationList = C7AC6C131B5AE15700AD8BD1 /* Build configuration list for PBXProject "Stormy" */;
			compatibilityVersion = "Xcode 3.2";
			developmentRegion = English;
			hasScannedForEncodings = 0;
			knownRegions = (
				en,
				Base,
			);
			mainGroup = C7AC6C0F1B5AE15700AD8BD1;
			productRefGroup = C7AC6C191B5AE15700AD8BD1 /* Products */;
			projectDirPath = "";
			projectRoot = "";
			targets = (
				C7AC6C171B5AE15700AD8BD1 /* Stormy */,
			);
		};
/* End PBXProject section */

/* Begin PBXResourcesBuildPhase section */
		C7AC6C161B5AE15700AD8BD1 /* Resources */ = {
			isa = PBXResourcesBuildPhase;
			buildActionMask = 2147483647;
			files = (
				C7AC6C261B5AE15700AD8BD1 /* LaunchScreen.storyboard in Resources */,
				C7AC6C2E1B5CF4AC00AD8BD1 /* Assets.xcassets in Resources */,
				C7AC6C211B5AE15700AD8BD1 /* Main.storyboard in Resources */,
			);
			runOnlyForDeploymentPostprocessing = 0;
		};
/* End PBXResourcesBuildPhase section */

/* Begin PBXSourcesBuildPhase section */
		C7AC6C141B5AE15700AD8BD1 /* Sources */ = {
			isa = PBXSourcesBuildPhase;
			buildActionMask = 2147483647;
			files = (
				C74974441B6681BE0006E0EC /* ForecastAPIClient.swift in Sources */,
				C7AC6C321B5CFFBC00AD8BD1 /* DailyWeather.swift in Sources */,
				C79D03471B656DBD000AFEAE /* Networking.swift in Sources */,
				C7AC6C1E1B5AE15700AD8BD1 /* ViewController.swift in Sources */,
				C7AC6C301B5CF85400AD8BD1 /* CurrentWeather.swift in Sources */,
				C7AC6C1C1B5AE15700AD8BD1 /* AppDelegate.swift in Sources */,
			);
			runOnlyForDeploymentPostprocessing = 0;
		};
/* End PBXSourcesBuildPhase section */

/* Begin PBXVariantGroup section */
		C7AC6C1F1B5AE15700AD8BD1 /* Main.storyboard */ = {
			isa = PBXVariantGroup;
			children = (
				C7AC6C201B5AE15700AD8BD1 /* Base */,
			);
			name = Main.storyboard;
			sourceTree = "<group>";
		};
		C7AC6C241B5AE15700AD8BD1 /* LaunchScreen.storyboard */ = {
			isa = PBXVariantGroup;
			children = (
				C7AC6C251B5AE15700AD8BD1 /* Base */,
			);
			name = LaunchScreen.storyboard;
			sourceTree = "<group>";
		};
/* End PBXVariantGroup section */

/* Begin XCBuildConfiguration section */
		C7AC6C281B5AE15700AD8BD1 /* Debug */ = {
			isa = XCBuildConfiguration;
			buildSettings = {
				ALWAYS_SEARCH_USER_PATHS = NO;
				CLANG_CXX_LANGUAGE_STANDARD = "gnu++0x";
				CLANG_CXX_LIBRARY = "libc++";
				CLANG_ENABLE_MODULES = YES;
				CLANG_ENABLE_OBJC_ARC = YES;
				CLANG_WARN_BOOL_CONVERSION = YES;
				CLANG_WARN_CONSTANT_CONVERSION = YES;
				CLANG_WARN_DIRECT_OBJC_ISA_USAGE = YES_ERROR;
				CLANG_WARN_EMPTY_BODY = YES;
				CLANG_WARN_ENUM_CONVERSION = YES;
				CLANG_WARN_INT_CONVERSION = YES;
				CLANG_WARN_OBJC_ROOT_CLASS = YES_ERROR;
				CLANG_WARN_UNREACHABLE_CODE = YES;
				CLANG_WARN__DUPLICATE_METHOD_MATCH = YES;
				"CODE_SIGN_IDENTITY[sdk=iphoneos*]" = "iPhone Developer";
				COPY_PHASE_STRIP = NO;
				DEBUG_INFORMATION_FORMAT = dwarf;
				ENABLE_STRICT_OBJC_MSGSEND = YES;
				ENABLE_TESTABILITY = YES;
				GCC_C_LANGUAGE_STANDARD = gnu99;
				GCC_DYNAMIC_NO_PIC = NO;
				GCC_NO_COMMON_BLOCKS = YES;
				GCC_OPTIMIZATION_LEVEL = 0;
				GCC_PREPROCESSOR_DEFINITIONS = (
					"DEBUG=1",
					"$(inherited)",
				);
				GCC_WARN_64_TO_32_BIT_CONVERSION = YES;
				GCC_WARN_ABOUT_RETURN_TYPE = YES_ERROR;
				GCC_WARN_UNDECLARED_SELECTOR = YES;
				GCC_WARN_UNINITIALIZED_AUTOS = YES_AGGRESSIVE;
				GCC_WARN_UNUSED_FUNCTION = YES;
				GCC_WARN_UNUSED_VARIABLE = YES;
				IPHONEOS_DEPLOYMENT_TARGET = 9.0;
				MTL_ENABLE_DEBUG_INFO = YES;
				ONLY_ACTIVE_ARCH = YES;
				SDKROOT = iphoneos;
				SWIFT_OPTIMIZATION_LEVEL = "-Onone";
			};
			name = Debug;
		};
		C7AC6C291B5AE15700AD8BD1 /* Release */ = {
			isa = XCBuildConfiguration;
			buildSettings = {
				ALWAYS_SEARCH_USER_PATHS = NO;
				CLANG_CXX_LANGUAGE_STANDARD = "gnu++0x";
				CLANG_CXX_LIBRARY = "libc++";
				CLANG_ENABLE_MODULES = YES;
				CLANG_ENABLE_OBJC_ARC = YES;
				CLANG_WARN_BOOL_CONVERSION = YES;
				CLANG_WARN_CONSTANT_CONVERSION = YES;
				CLANG_WARN_DIRECT_OBJC_ISA_USAGE = YES_ERROR;
				CLANG_WARN_EMPTY_BODY = YES;
				CLANG_WARN_ENUM_CONVERSION = YES;
				CLANG_WARN_INT_CONVERSION = YES;
				CLANG_WARN_OBJC_ROOT_CLASS = YES_ERROR;
				CLANG_WARN_UNREACHABLE_CODE = YES;
				CLANG_WARN__DUPLICATE_METHOD_MATCH = YES;
				"CODE_SIGN_IDENTITY[sdk=iphoneos*]" = "iPhone Developer";
				COPY_PHASE_STRIP = NO;
				DEBUG_INFORMATION_FORMAT = "dwarf-with-dsym";
				ENABLE_NS_ASSERTIONS = NO;
				ENABLE_STRICT_OBJC_MSGSEND = YES;
				GCC_C_LANGUAGE_STANDARD = gnu99;
				GCC_NO_COMMON_BLOCKS = YES;
				GCC_WARN_64_TO_32_BIT_CONVERSION = YES;
				GCC_WARN_ABOUT_RETURN_TYPE = YES_ERROR;
				GCC_WARN_UNDECLARED_SELECTOR = YES;
				GCC_WARN_UNINITIALIZED_AUTOS = YES_AGGRESSIVE;
				GCC_WARN_UNUSED_FUNCTION = YES;
				GCC_WARN_UNUSED_VARIABLE = YES;
				IPHONEOS_DEPLOYMENT_TARGET = 9.0;
				MTL_ENABLE_DEBUG_INFO = NO;
				SDKROOT = iphoneos;
				VALIDATE_PRODUCT = YES;
			};
			name = Release;
		};
		C7AC6C2B1B5AE15700AD8BD1 /* Debug */ = {
			isa = XCBuildConfiguration;
			buildSettings = {
				ASSETCATALOG_COMPILER_APPICON_NAME = AppIcon;
				CODE_SIGN_IDENTITY = "iPhone Developer";
				INFOPLIST_FILE = Stormy/Info.plist;
				LD_RUNPATH_SEARCH_PATHS = "$(inherited) @executable_path/Frameworks";
				PRODUCT_BUNDLE_IDENTIFIER = com.alperencan.Stormy;
				PRODUCT_NAME = "$(TARGET_NAME)";
			};
			name = Debug;
		};
		C7AC6C2C1B5AE15700AD8BD1 /* Release */ = {
			isa = XCBuildConfiguration;
			buildSettings = {
				ASSETCATALOG_COMPILER_APPICON_NAME = AppIcon;
				CODE_SIGN_IDENTITY = "iPhone Developer";
				INFOPLIST_FILE = Stormy/Info.plist;
				LD_RUNPATH_SEARCH_PATHS = "$(inherited) @executable_path/Frameworks";
				PRODUCT_BUNDLE_IDENTIFIER = com.alperencan.Stormy;
				PRODUCT_NAME = "$(TARGET_NAME)";
			};
			name = Release;
		};
/* End XCBuildConfiguration section */

/* Begin XCConfigurationList section */
		C7AC6C131B5AE15700AD8BD1 /* Build configuration list for PBXProject "Stormy" */ = {
			isa = XCConfigurationList;
			buildConfigurations = (
				C7AC6C281B5AE15700AD8BD1 /* Debug */,
				C7AC6C291B5AE15700AD8BD1 /* Release */,
			);
			defaultConfigurationIsVisible = 0;
			defaultConfigurationName = Release;
		};
		C7AC6C2A1B5AE15700AD8BD1 /* Build configuration list for PBXNativeTarget "Stormy" */ = {
			isa = XCConfigurationList;
			buildConfigurations = (
				C7AC6C2B1B5AE15700AD8BD1 /* Debug */,
				C7AC6C2C1B5AE15700AD8BD1 /* Release */,
			);
			defaultConfigurationIsVisible = 0;
			defaultConfigurationName = Release;
		};
/* End XCConfigurationList section */
	};
	rootObject = C7AC6C101B5AE15700AD8BD1 /* Project object */;
}
